
Microsoft Visual Studio Solution File, Format Version 12.00
# Visual Studio Version 17
VisualStudioVersion = 17.14.36518.9 d17.14
MinimumVisualStudioVersion = 10.0.40219.1
Project("{FAE04EC0-301F-11D3-BF4B-00C04F79EFBC}") = "Garagem.Api", "Garagem.Api\Garagem.Api.csproj", "{2DF9F27B-D7DB-401A-886E-6755023BF37D}"
EndProject
Project("{FAE04EC0-301F-11D3-BF4B-00C04F79EFBC}") = "Garagem.Application", "Garagem.Application\Garagem.Application.csproj", "{3FA80C31-8FA7-43C1-A5C3-29B869A6AA6A}"
EndProject
Project("{FAE04EC0-301F-11D3-BF4B-00C04F79EFBC}") = "Garagem.Repository", "Garagem.Repository\Garagem.Repository.csproj", "{31157D94-4884-4682-A23D-0EA14F173D98}"
EndProject
Project("{FAE04EC0-301F-11D3-BF4B-00C04F79EFBC}") = "Garagem.Tests", "Garagem.Tests\Garagem.Tests.csproj", "{81F3C22D-E954-4138-A2DA-8F625D5C5268}"
EndProject
Global
	GlobalSection(SolutionConfigurationPlatforms) = preSolution
		Debug|Any CPU = Debug|Any CPU
		Release|Any CPU = Release|Any CPU
	EndGlobalSection
	GlobalSection(ProjectConfigurationPlatforms) = postSolution
		{2DF9F27B-D7DB-401A-886E-6755023BF37D}.Debug|Any CPU.ActiveCfg = Debug|Any CPU
		{2DF9F27B-D7DB-401A-886E-6755023BF37D}.Debug|Any CPU.Build.0 = Debug|Any CPU
		{2DF9F27B-D7DB-401A-886E-6755023BF37D}.Release|Any CPU.ActiveCfg = Release|Any CPU
		{2DF9F27B-D7DB-401A-886E-6755023BF37D}.Release|Any CPU.Build.0 = Release|Any CPU
		{3FA80C31-8FA7-43C1-A5C3-29B869A6AA6A}.Debug|Any CPU.ActiveCfg = Debug|Any CPU
		{3FA80C31-8FA7-43C1-A5C3-29B869A6AA6A}.Debug|Any CPU.Build.0 = Debug|Any CPU
		{3FA80C31-8FA7-43C1-A5C3-29B869A6AA6A}.Release|Any CPU.ActiveCfg = Release|Any CPU
		{3FA80C31-8FA7-43C1-A5C3-29B869A6AA6A}.Release|Any CPU.Build.0 = Release|Any CPU
		{31157D94-4884-4682-A23D-0EA14F173D98}.Debug|Any CPU.ActiveCfg = Debug|Any CPU
		{31157D94-4884-4682-A23D-0EA14F173D98}.Debug|Any CPU.Build.0 = Debug|Any CPU
		{31157D94-4884-4682-A23D-0EA14F173D98}.Release|Any CPU.ActiveCfg = Release|Any CPU
		{31157D94-4884-4682-A23D-0EA14F173D98}.Release|Any CPU.Build.0 = Release|Any CPU
		{81F3C22D-E954-4138-A2DA-8F625D5C5268}.Debug|Any CPU.ActiveCfg = Debug|Any CPU
		{81F3C22D-E954-4138-A2DA-8F625D5C5268}.Debug|Any CPU.Build.0 = Debug|Any CPU
		{81F3C22D-E954-4138-A2DA-8F625D5C5268}.Release|Any CPU.ActiveCfg = Release|Any CPU
		{81F3C22D-E954-4138-A2DA-8F625D5C5268}.Release|Any CPU.Build.0 = Release|Any CPU
	EndGlobalSection
	GlobalSection(SolutionProperties) = preSolution
		HideSolutionNode = FALSE
	EndGlobalSection
	GlobalSection(ExtensibilityGlobals) = postSolution
		SolutionGuid = {B3B77C3E-0ECD-4CA1-8034-6E7E9EDAE406}
	EndGlobalSection
EndGlobal
