
Microsoft Visual Studio Solution File, Format Version 12.00
# Visual Studio Version 17
VisualStudioVersion = 17.14.36327.8 d17.14
MinimumVisualStudioVersion = 10.0.40219.1
Project("{FAE04EC0-301F-11D3-BF4B-00C04F79EFBC}") = "Aula02_Agenda", "Aula02_Agenda\Aula02_Agenda.csproj", "{B3B43223-2859-44EB-8EDA-CFB2020345F4}"
EndProject
Global
	GlobalSection(SolutionConfigurationPlatforms) = preSolution
		Debug|Any CPU = Debug|Any CPU
		Release|Any CPU = Release|Any CPU
	EndGlobalSection
	GlobalSection(ProjectConfigurationPlatforms) = postSolution
		{B3B43223-2859-44EB-8EDA-CFB2020345F4}.Debug|Any CPU.ActiveCfg = Debug|Any CPU
		{B3B43223-2859-44EB-8EDA-CFB2020345F4}.Debug|Any CPU.Build.0 = Debug|Any CPU
		{B3B43223-2859-44EB-8EDA-CFB2020345F4}.Release|Any CPU.ActiveCfg = Release|Any CPU
		{B3B43223-2859-44EB-8EDA-CFB2020345F4}.Release|Any CPU.Build.0 = Release|Any CPU
	EndGlobalSection
	GlobalSection(SolutionProperties) = preSolution
		HideSolutionNode = FALSE
	EndGlobalSection
	GlobalSection(ExtensibilityGlobals) = postSolution
		SolutionGuid = {7619C654-33C0-4A2E-B50B-6D1CF6E0890E}
	EndGlobalSection
EndGlobal
